
Microsoft Visual Studio Solution File, Format Version 12.00
# Visual Studio Version 16
VisualStudioVersion = 16.0.30717.126
MinimumVisualStudioVersion = 10.0.40219.1
Project("{9A19103F-16F7-4668-BE54-9A1E7A4F7556}") = "APIConsumer", "APIConsumer.csproj", "{49ABB580-0648-46B6-91F1-499C9E5C5316}"
EndProject
Project("{54435603-DBB4-11D2-8724-00A0C9A8B90C}") = "GendacAPIConsumerInstaller", "..\GendacAPIConsumerInstaller\GendacAPIConsumerInstaller.vdproj", "{EA66DD3D-242F-43CC-BA14-6376468C98CE}"
EndProject
Project("{FAE04EC0-301F-11D3-BF4B-00C04F79EFBC}") = "ConsumerTest", "..\ConsumerTest\ConsumerTest.csproj", "{3722CDA3-FB0E-436E-BAF4-790E55CE593F}"
EndProject
Global
	GlobalSection(SolutionConfigurationPlatforms) = preSolution
		Debug|Any CPU = Debug|Any CPU
		Release|Any CPU = Release|Any CPU
	EndGlobalSection
	GlobalSection(ProjectConfigurationPlatforms) = postSolution
		{49ABB580-0648-46B6-91F1-499C9E5C5316}.Debug|Any CPU.ActiveCfg = Debug|Any CPU
		{49ABB580-0648-46B6-91F1-499C9E5C5316}.Debug|Any CPU.Build.0 = Debug|Any CPU
		{49ABB580-0648-46B6-91F1-499C9E5C5316}.Release|Any CPU.ActiveCfg = Release|Any CPU
		{49ABB580-0648-46B6-91F1-499C9E5C5316}.Release|Any CPU.Build.0 = Release|Any CPU
		{EA66DD3D-242F-43CC-BA14-6376468C98CE}.Debug|Any CPU.ActiveCfg = Debug
		{EA66DD3D-242F-43CC-BA14-6376468C98CE}.Release|Any CPU.ActiveCfg = Release
		{3722CDA3-FB0E-436E-BAF4-790E55CE593F}.Debug|Any CPU.ActiveCfg = Debug|Any CPU
		{3722CDA3-FB0E-436E-BAF4-790E55CE593F}.Debug|Any CPU.Build.0 = Debug|Any CPU
		{3722CDA3-FB0E-436E-BAF4-790E55CE593F}.Release|Any CPU.ActiveCfg = Release|Any CPU
		{3722CDA3-FB0E-436E-BAF4-790E55CE593F}.Release|Any CPU.Build.0 = Release|Any CPU
	EndGlobalSection
	GlobalSection(SolutionProperties) = preSolution
		HideSolutionNode = FALSE
	EndGlobalSection
	GlobalSection(ExtensibilityGlobals) = postSolution
		SolutionGuid = {FEC96C65-6DBE-408C-BCF6-220D506A6D94}
	EndGlobalSection
EndGlobal
